
Microsoft Visual Studio Solution File, Format Version 12.00
# Visual Studio Version 17
VisualStudioVersion = 17.8.34511.84
MinimumVisualStudioVersion = 10.0.40219.1
Project("{FAE04EC0-301F-11D3-BF4B-00C04F79EFBC}") = "ConsoleChess", "ConsoleChess\ConsoleChess.csproj", "{42534A72-995D-495A-91D7-9B6B89C1993C}"
EndProject
Global
	GlobalSection(SolutionConfigurationPlatforms) = preSolution
		Debug|Any CPU = Debug|Any CPU
		Release|Any CPU = Release|Any CPU
	EndGlobalSection
	GlobalSection(ProjectConfigurationPlatforms) = postSolution
		{42534A72-995D-495A-91D7-9B6B89C1993C}.Debug|Any CPU.ActiveCfg = Debug|Any CPU
		{42534A72-995D-495A-91D7-9B6B89C1993C}.Debug|Any CPU.Build.0 = Debug|Any CPU
		{42534A72-995D-495A-91D7-9B6B89C1993C}.Release|Any CPU.ActiveCfg = Release|Any CPU
		{42534A72-995D-495A-91D7-9B6B89C1993C}.Release|Any CPU.Build.0 = Release|Any CPU
	EndGlobalSection
	GlobalSection(SolutionProperties) = preSolution
		HideSolutionNode = FALSE
	EndGlobalSection
	GlobalSection(ExtensibilityGlobals) = postSolution
		SolutionGuid = {2AE947C2-40AE-4951-A0B6-68F24B2CCDFC}
	EndGlobalSection
EndGlobal
